
Microsoft Visual Studio Solution File, Format Version 12.00
# Visual Studio Version 17
VisualStudioVersion = 17.14.36203.30 d17.14
MinimumVisualStudioVersion = 10.0.40219.1
Project("{FAE04EC0-301F-11D3-BF4B-00C04F79EFBC}") = "SoftwareEngineering_Ex2", "SoftwareEngineering_Ex2\SoftwareEngineering_Ex2.csproj", "{168F58E9-519D-41A7-A775-0FCB803C99F9}"
EndProject
Global
	GlobalSection(SolutionConfigurationPlatforms) = preSolution
		Debug|Any CPU = Debug|Any CPU
		Release|Any CPU = Release|Any CPU
	EndGlobalSection
	GlobalSection(ProjectConfigurationPlatforms) = postSolution
		{168F58E9-519D-41A7-A775-0FCB803C99F9}.Debug|Any CPU.ActiveCfg = Debug|Any CPU
		{168F58E9-519D-41A7-A775-0FCB803C99F9}.Debug|Any CPU.Build.0 = Debug|Any CPU
		{168F58E9-519D-41A7-A775-0FCB803C99F9}.Release|Any CPU.ActiveCfg = Release|Any CPU
		{168F58E9-519D-41A7-A775-0FCB803C99F9}.Release|Any CPU.Build.0 = Release|Any CPU
	EndGlobalSection
	GlobalSection(SolutionProperties) = preSolution
		HideSolutionNode = FALSE
	EndGlobalSection
	GlobalSection(ExtensibilityGlobals) = postSolution
		SolutionGuid = {8EDC8286-A201-4FC6-B03C-C870ED5E1F4D}
	EndGlobalSection
EndGlobal
